// !$*UTF8*$!
{
	archiveVersion = 1;
	classes = {
	};
	objectVersion = 77;
	objects = {

/* Begin PBXBuildFile section */
		09BB3DCEEFAB4EB871820C62 /* WebSocketEvent.swift in Sources */ = {isa = PBXBuildFile; fileRef = 2B0D5F07793DB161309765EA /* WebSocketEvent.swift */; };
		0A4D2E1C56479351D3E2D063 /* Session.swift in Sources */ = {isa = PBXBuildFile; fileRef = 79D24DADEABC184440BA91AB /* Session.swift */; };
		190502BB5F5FEE935142C1D5 /* SyntaxHighlighter.swift in Sources */ = {isa = PBXBuildFile; fileRef = 0C436F6CF3255C1D6F15629F /* SyntaxHighlighter.swift */; };
		193C07020A003A322FE97348 /* ChatMessage.swift in Sources */ = {isa = PBXBuildFile; fileRef = 47C7704DCF9EF55CF3602109 /* ChatMessage.swift */; };
		1AA1AADFCB91ABA55021CF38 /* Spacing.swift in Sources */ = {isa = PBXBuildFile; fileRef = CF6BD425D729C472BBA3BF52 /* Spacing.swift */; };
		281EBF100DA0A1133A8319B7 /* PocketctlApp.swift in Sources */ = {isa = PBXBuildFile; fileRef = CEE691A95AC7906999D39322 /* PocketctlApp.swift */; };
		2A4EC5993499FB998E76EB64 /* ToolCallCard.swift in Sources */ = {isa = PBXBuildFile; fileRef = 77953F56A5B6945E96217A9C /* ToolCallCard.swift */; };
		2BDCAD0DFC0BFB2B264A27CB /* SettingsViewModel.swift in Sources */ = {isa = PBXBuildFile; fileRef = 83AEE43D07A35A5955955B89 /* SettingsViewModel.swift */; };
		32F89D7420528C43ED15F1B5 /* APIClient.swift in Sources */ = {isa = PBXBuildFile; fileRef = 5E8B55849F21AAC010D4B989 /* APIClient.swift */; };
		33E9C3CED161F2D0D161303B /* SettingsView.swift in Sources */ = {isa = PBXBuildFile; fileRef = D62BB57F114B7CFD5A866F6F /* SettingsView.swift */; };
		358D0FB9106E6D533FD7BEB0 /* LoginView.swift in Sources */ = {isa = PBXBuildFile; fileRef = 17725F3C27EED9D26C29B384 /* LoginView.swift */; };
		3C58E01174EFD114E9C404F1 /* AuthViewModel.swift in Sources */ = {isa = PBXBuildFile; fileRef = 1C8BC23DF09CD613D48363A0 /* AuthViewModel.swift */; };
		3F98B8B9C90083D6BC0C1154 /* Colors.swift in Sources */ = {isa = PBXBuildFile; fileRef = 94FCBFF55C762FAF00B4DB32 /* Colors.swift */; };
		5330819F1E7E6CD9F67157B8 /* Extensions.swift in Sources */ = {isa = PBXBuildFile; fileRef = 2BDE251682A379256D6A0EAF /* Extensions.swift */; };
		546E9835ACD1565E40AB7FF2 /* SessionDetailViewModel.swift in Sources */ = {isa = PBXBuildFile; fileRef = CE7372FB580B4F3DDFF5A9D2 /* SessionDetailViewModel.swift */; };
		5B532B579654E9E0B32EC251 /* SessionListViewModel.swift in Sources */ = {isa = PBXBuildFile; fileRef = 8F3D31F29AC46551DACB21AA /* SessionListViewModel.swift */; };
		690AB6AC11321B9CD54A7EC8 /* PushService.swift in Sources */ = {isa = PBXBuildFile; fileRef = 5BBBBF9F23642837EF1962DE /* PushService.swift */; };
		6A43B7C42C1137A36D3611B1 /* ContentView.swift in Sources */ = {isa = PBXBuildFile; fileRef = 9932C9EA25A7869D5FFFF737 /* ContentView.swift */; };
		6E2D66D16D5DDB9D808CA17E /* EmptyStateView.swift in Sources */ = {isa = PBXBuildFile; fileRef = 65C77E425E2ACCEC26A62734 /* EmptyStateView.swift */; };
		6E4DAA67A2CCE66AFE5368BF /* StatusChip.swift in Sources */ = {isa = PBXBuildFile; fileRef = 802A171E89C20ADD85902665 /* StatusChip.swift */; };
		7CCBC9417382E86861C69C5D /* WebSocketService.swift in Sources */ = {isa = PBXBuildFile; fileRef = 3E0A5533960345923DFC95EE /* WebSocketService.swift */; };
		8073E29EFE4EA0685BC27C7D /* Typography.swift in Sources */ = {isa = PBXBuildFile; fileRef = C8D64F4203196DA7D36D74DA /* Typography.swift */; };
		80EDFF714557875C965887CA /* SessionDetailView.swift in Sources */ = {isa = PBXBuildFile; fileRef = 86DF31EF99E9A2B742D8FD97 /* SessionDetailView.swift */; };
		871FBC30CE04EAB4E10D124A /* MarkdownContentView.swift in Sources */ = {isa = PBXBuildFile; fileRef = DA61A703EB52322DF5EAFC29 /* MarkdownContentView.swift */; };
		8B0969BB9CB351E7F58440C3 /* SplashView.swift in Sources */ = {isa = PBXBuildFile; fileRef = E8515437773747D762731920 /* SplashView.swift */; };
		940FBE2510FECF069A897495 /* SubAgentCard.swift in Sources */ = {isa = PBXBuildFile; fileRef = C1040499582D1E3CFB58142D /* SubAgentCard.swift */; };
		96E4153A0BD5C6A079556CBC /* DaemonListView.swift in Sources */ = {isa = PBXBuildFile; fileRef = A6CB2EA28F7E93B23655A152 /* DaemonListView.swift */; };
		991987469EB64DA5011FE4DB /* KeychainStorage.swift in Sources */ = {isa = PBXBuildFile; fileRef = 62547E14DAAC6CA37C1AAF22 /* KeychainStorage.swift */; };
		9DFEFDFC5802D0D2B7CFFB49 /* RelayEnvironment.swift in Sources */ = {isa = PBXBuildFile; fileRef = 6FA80BF7E175F515AEB95DAD /* RelayEnvironment.swift */; };
		A0F41EB04B09F512792D4524 /* RelativeTime.swift in Sources */ = {isa = PBXBuildFile; fileRef = 3839B929BAD18609D7D833A2 /* RelativeTime.swift */; };
		A12C7CCAD929473AD33173F3 /* Assets.xcassets in Resources */ = {isa = PBXBuildFile; fileRef = 47EF8E087E0CD1B9C09D4941 /* Assets.xcassets */; };
		A5A0763AF501CDAED5782201 /* SessionListView.swift in Sources */ = {isa = PBXBuildFile; fileRef = EE9D163591786B65153DF7C4 /* SessionListView.swift */; };
		A8D3B9FD32FC93B297619DF1 /* User.swift in Sources */ = {isa = PBXBuildFile; fileRef = A6914225C6BDA7BAFB45F6B6 /* User.swift */; };
		B35FCCCF703CCBEFA3BD2461 /* SubAgent.swift in Sources */ = {isa = PBXBuildFile; fileRef = B80EDC4AAE35AB265037E32D /* SubAgent.swift */; };
		B8118F0CE086840C30B77AFB /* Daemon.swift in Sources */ = {isa = PBXBuildFile; fileRef = 9FC559EB54B2A1371D77C9A3 /* Daemon.swift */; };
		BF66AEF2806384A99CDAA27D /* StatusDot.swift in Sources */ = {isa = PBXBuildFile; fileRef = 56EC9B30663A9B86C37B662C /* StatusDot.swift */; };
		C281E432618061F5C063D3A3 /* DaemonListViewModel.swift in Sources */ = {isa = PBXBuildFile; fileRef = 3F73919F4B3E6E8615B2C9B7 /* DaemonListViewModel.swift */; };
		C69E959C898DEBEE84C449E5 /* CodeBlockView.swift in Sources */ = {isa = PBXBuildFile; fileRef = 2551F823BB59ECDA290F5615 /* CodeBlockView.swift */; };
		F80398131777141DF95B5ECD /* ChatBubble.swift in Sources */ = {isa = PBXBuildFile; fileRef = 9026A8C3829346792A76FC15 /* ChatBubble.swift */; };
		FC24814A4FE1B83D14BD4F0B /* NewSessionSheet.swift in Sources */ = {isa = PBXBuildFile; fileRef = 9E2A895A4F67741DE7F0CE8B /* NewSessionSheet.swift */; };
/* End PBXBuildFile section */

/* Begin PBXFileReference section */
		0C436F6CF3255C1D6F15629F /* SyntaxHighlighter.swift */ = {isa = PBXFileReference; lastKnownFileType = sourcecode.swift; path = SyntaxHighlighter.swift; sourceTree = "<group>"; };
		17725F3C27EED9D26C29B384 /* LoginView.swift */ = {isa = PBXFileReference; lastKnownFileType = sourcecode.swift; path = LoginView.swift; sourceTree = "<group>"; };
		1C8BC23DF09CD613D48363A0 /* AuthViewModel.swift */ = {isa = PBXFileReference; lastKnownFileType = sourcecode.swift; path = AuthViewModel.swift; sourceTree = "<group>"; };
		2551F823BB59ECDA290F5615 /* CodeBlockView.swift */ = {isa = PBXFileReference; lastKnownFileType = sourcecode.swift; path = CodeBlockView.swift; sourceTree = "<group>"; };
		2B0D5F07793DB161309765EA /* WebSocketEvent.swift */ = {isa = PBXFileReference; lastKnownFileType = sourcecode.swift; path = WebSocketEvent.swift; sourceTree = "<group>"; };
		2BDE251682A379256D6A0EAF /* Extensions.swift */ = {isa = PBXFileReference; lastKnownFileType = sourcecode.swift; path = Extensions.swift; sourceTree = "<group>"; };
		3839B929BAD18609D7D833A2 /* RelativeTime.swift */ = {isa = PBXFileReference; lastKnownFileType = sourcecode.swift; path = RelativeTime.swift; sourceTree = "<group>"; };
		3E0A5533960345923DFC95EE /* WebSocketService.swift */ = {isa = PBXFileReference; lastKnownFileType = sourcecode.swift; path = WebSocketService.swift; sourceTree = "<group>"; };
		3F73919F4B3E6E8615B2C9B7 /* DaemonListViewModel.swift */ = {isa = PBXFileReference; lastKnownFileType = sourcecode.swift; path = DaemonListViewModel.swift; sourceTree = "<group>"; };
		47C7704DCF9EF55CF3602109 /* ChatMessage.swift */ = {isa = PBXFileReference; lastKnownFileType = sourcecode.swift; path = ChatMessage.swift; sourceTree = "<group>"; };
		47EF8E087E0CD1B9C09D4941 /* Assets.xcassets */ = {isa = PBXFileReference; lastKnownFileType = folder.assetcatalog; path = Assets.xcassets; sourceTree = "<group>"; };
		56EC9B30663A9B86C37B662C /* StatusDot.swift */ = {isa = PBXFileReference; lastKnownFileType = sourcecode.swift; path = StatusDot.swift; sourceTree = "<group>"; };
		5BBBBF9F23642837EF1962DE /* PushService.swift */ = {isa = PBXFileReference; lastKnownFileType = sourcecode.swift; path = PushService.swift; sourceTree = "<group>"; };
		5E8B55849F21AAC010D4B989 /* APIClient.swift */ = {isa = PBXFileReference; lastKnownFileType = sourcecode.swift; path = APIClient.swift; sourceTree = "<group>"; };
		62547E14DAAC6CA37C1AAF22 /* KeychainStorage.swift */ = {isa = PBXFileReference; lastKnownFileType = sourcecode.swift; path = KeychainStorage.swift; sourceTree = "<group>"; };
		65C77E425E2ACCEC26A62734 /* EmptyStateView.swift */ = {isa = PBXFileReference; lastKnownFileType = sourcecode.swift; path = EmptyStateView.swift; sourceTree = "<group>"; };
		6E03F8BD016B057923A071A6 /* Info.plist */ = {isa = PBXFileReference; lastKnownFileType = text.plist; path = Info.plist; sourceTree = "<group>"; };
		6FA80BF7E175F515AEB95DAD /* RelayEnvironment.swift */ = {isa = PBXFileReference; lastKnownFileType = sourcecode.swift; path = RelayEnvironment.swift; sourceTree = "<group>"; };
		77953F56A5B6945E96217A9C /* ToolCallCard.swift */ = {isa = PBXFileReference; lastKnownFileType = sourcecode.swift; path = ToolCallCard.swift; sourceTree = "<group>"; };
		79D24DADEABC184440BA91AB /* Session.swift */ = {isa = PBXFileReference; lastKnownFileType = sourcecode.swift; path = Session.swift; sourceTree = "<group>"; };
		802A171E89C20ADD85902665 /* StatusChip.swift */ = {isa = PBXFileReference; lastKnownFileType = sourcecode.swift; path = StatusChip.swift; sourceTree = "<group>"; };
		83AEE43D07A35A5955955B89 /* SettingsViewModel.swift */ = {isa = PBXFileReference; lastKnownFileType = sourcecode.swift; path = SettingsViewModel.swift; sourceTree = "<group>"; };
		86DF31EF99E9A2B742D8FD97 /* SessionDetailView.swift */ = {isa = PBXFileReference; lastKnownFileType = sourcecode.swift; path = SessionDetailView.swift; sourceTree = "<group>"; };
		8F3D31F29AC46551DACB21AA /* SessionListViewModel.swift */ = {isa = PBXFileReference; lastKnownFileType = sourcecode.swift; path = SessionListViewModel.swift; sourceTree = "<group>"; };
		9026A8C3829346792A76FC15 /* ChatBubble.swift */ = {isa = PBXFileReference; lastKnownFileType = sourcecode.swift; path = ChatBubble.swift; sourceTree = "<group>"; };
		94FCBFF55C762FAF00B4DB32 /* Colors.swift */ = {isa = PBXFileReference; lastKnownFileType = sourcecode.swift; path = Colors.swift; sourceTree = "<group>"; };
		9932C9EA25A7869D5FFFF737 /* ContentView.swift */ = {isa = PBXFileReference; lastKnownFileType = sourcecode.swift; path = ContentView.swift; sourceTree = "<group>"; };
		9E2A895A4F67741DE7F0CE8B /* NewSessionSheet.swift */ = {isa = PBXFileReference; lastKnownFileType = sourcecode.swift; path = NewSessionSheet.swift; sourceTree = "<group>"; };
		9FC559EB54B2A1371D77C9A3 /* Daemon.swift */ = {isa = PBXFileReference; lastKnownFileType = sourcecode.swift; path = Daemon.swift; sourceTree = "<group>"; };
		A6914225C6BDA7BAFB45F6B6 /* User.swift */ = {isa = PBXFileReference; lastKnownFileType = sourcecode.swift; path = User.swift; sourceTree = "<group>"; };
		A6CB2EA28F7E93B23655A152 /* DaemonListView.swift */ = {isa = PBXFileReference; lastKnownFileType = sourcecode.swift; path = DaemonListView.swift; sourceTree = "<group>"; };
		B80EDC4AAE35AB265037E32D /* SubAgent.swift */ = {isa = PBXFileReference; lastKnownFileType = sourcecode.swift; path = SubAgent.swift; sourceTree = "<group>"; };
		C1040499582D1E3CFB58142D /* SubAgentCard.swift */ = {isa = PBXFileReference; lastKnownFileType = sourcecode.swift; path = SubAgentCard.swift; sourceTree = "<group>"; };
		C8D64F4203196DA7D36D74DA /* Typography.swift */ = {isa = PBXFileReference; lastKnownFileType = sourcecode.swift; path = Typography.swift; sourceTree = "<group>"; };
		CE7372FB580B4F3DDFF5A9D2 /* SessionDetailViewModel.swift */ = {isa = PBXFileReference; lastKnownFileType = sourcecode.swift; path = SessionDetailViewModel.swift; sourceTree = "<group>"; };
		CEE691A95AC7906999D39322 /* PocketctlApp.swift */ = {isa = PBXFileReference; lastKnownFileType = sourcecode.swift; path = PocketctlApp.swift; sourceTree = "<group>"; };
		CF6BD425D729C472BBA3BF52 /* Spacing.swift */ = {isa = PBXFileReference; lastKnownFileType = sourcecode.swift; path = Spacing.swift; sourceTree = "<group>"; };
		D62BB57F114B7CFD5A866F6F /* SettingsView.swift */ = {isa = PBXFileReference; lastKnownFileType = sourcecode.swift; path = SettingsView.swift; sourceTree = "<group>"; };
		D6CC3FD24696AA730AA7B4DA /* Pocketctl.app */ = {isa = PBXFileReference; explicitFileType = wrapper.application; includeInIndex = 0; path = Pocketctl.app; sourceTree = BUILT_PRODUCTS_DIR; };
		DA61A703EB52322DF5EAFC29 /* MarkdownContentView.swift */ = {isa = PBXFileReference; lastKnownFileType = sourcecode.swift; path = MarkdownContentView.swift; sourceTree = "<group>"; };
		E8515437773747D762731920 /* SplashView.swift */ = {isa = PBXFileReference; lastKnownFileType = sourcecode.swift; path = SplashView.swift; sourceTree = "<group>"; };
		EE9D163591786B65153DF7C4 /* SessionListView.swift */ = {isa = PBXFileReference; lastKnownFileType = sourcecode.swift; path = SessionListView.swift; sourceTree = "<group>"; };
/* End PBXFileReference section */

/* Begin PBXGroup section */
		0E722EB0C1690A648DBE4525 /* Pocketctl */ = {
			isa = PBXGroup;
			children = (
				47EF8E087E0CD1B9C09D4941 /* Assets.xcassets */,
				6E03F8BD016B057923A071A6 /* Info.plist */,
				C1E3BED03578B3364D3721F4 /* App */,
				D8529F94444C0576EB541E05 /* Models */,
				5D7D71D383D6AAD8E5F1D5FE /* Services */,
				4F4B171592D4B4AB9BFA7417 /* Theme */,
				4D8A9A4318CB109620EEEBA3 /* Utils */,
				CBD57BFD5CF992AC832F5B69 /* ViewModels */,
				52EF244F423CEB6178ACD180 /* Views */,
			);
			path = Pocketctl;
			sourceTree = "<group>";
		};
		197803B25D2EFE0957DFC391 = {
			isa = PBXGroup;
			children = (
				0E722EB0C1690A648DBE4525 /* Pocketctl */,
				F1760BD2D3F35A465CBA87E5 /* Products */,
			);
			sourceTree = "<group>";
		};
		4D8A9A4318CB109620EEEBA3 /* Utils */ = {
			isa = PBXGroup;
			children = (
				2BDE251682A379256D6A0EAF /* Extensions.swift */,
				3839B929BAD18609D7D833A2 /* RelativeTime.swift */,
				0C436F6CF3255C1D6F15629F /* SyntaxHighlighter.swift */,
			);
			path = Utils;
			sourceTree = "<group>";
		};
		4F4B171592D4B4AB9BFA7417 /* Theme */ = {
			isa = PBXGroup;
			children = (
				94FCBFF55C762FAF00B4DB32 /* Colors.swift */,
				CF6BD425D729C472BBA3BF52 /* Spacing.swift */,
				C8D64F4203196DA7D36D74DA /* Typography.swift */,
			);
			path = Theme;
			sourceTree = "<group>";
		};
		52EF244F423CEB6178ACD180 /* Views */ = {
			isa = PBXGroup;
			children = (
				A6CB2EA28F7E93B23655A152 /* DaemonListView.swift */,
				17725F3C27EED9D26C29B384 /* LoginView.swift */,
				9E2A895A4F67741DE7F0CE8B /* NewSessionSheet.swift */,
				86DF31EF99E9A2B742D8FD97 /* SessionDetailView.swift */,
				EE9D163591786B65153DF7C4 /* SessionListView.swift */,
				D62BB57F114B7CFD5A866F6F /* SettingsView.swift */,
				E8515437773747D762731920 /* SplashView.swift */,
				F951921287008831C5ECE6A1 /* Components */,
			);
			path = Views;
			sourceTree = "<group>";
		};
		5D7D71D383D6AAD8E5F1D5FE /* Services */ = {
			isa = PBXGroup;
			children = (
				5E8B55849F21AAC010D4B989 /* APIClient.swift */,
				62547E14DAAC6CA37C1AAF22 /* KeychainStorage.swift */,
				5BBBBF9F23642837EF1962DE /* PushService.swift */,
				3E0A5533960345923DFC95EE /* WebSocketService.swift */,
			);
			path = Services;
			sourceTree = "<group>";
		};
		C1E3BED03578B3364D3721F4 /* App */ = {
			isa = PBXGroup;
			children = (
				9932C9EA25A7869D5FFFF737 /* ContentView.swift */,
				CEE691A95AC7906999D39322 /* PocketctlApp.swift */,
			);
			path = App;
			sourceTree = "<group>";
		};
		CBD57BFD5CF992AC832F5B69 /* ViewModels */ = {
			isa = PBXGroup;
			children = (
				1C8BC23DF09CD613D48363A0 /* AuthViewModel.swift */,
				3F73919F4B3E6E8615B2C9B7 /* DaemonListViewModel.swift */,
				CE7372FB580B4F3DDFF5A9D2 /* SessionDetailViewModel.swift */,
				8F3D31F29AC46551DACB21AA /* SessionListViewModel.swift */,
				83AEE43D07A35A5955955B89 /* SettingsViewModel.swift */,
			);
			path = ViewModels;
			sourceTree = "<group>";
		};
		D8529F94444C0576EB541E05 /* Models */ = {
			isa = PBXGroup;
			children = (
				47C7704DCF9EF55CF3602109 /* ChatMessage.swift */,
				9FC559EB54B2A1371D77C9A3 /* Daemon.swift */,
				6FA80BF7E175F515AEB95DAD /* RelayEnvironment.swift */,
				79D24DADEABC184440BA91AB /* Session.swift */,
				B80EDC4AAE35AB265037E32D /* SubAgent.swift */,
				A6914225C6BDA7BAFB45F6B6 /* User.swift */,
				2B0D5F07793DB161309765EA /* WebSocketEvent.swift */,
			);
			path = Models;
			sourceTree = "<group>";
		};
		F1760BD2D3F35A465CBA87E5 /* Products */ = {
			isa = PBXGroup;
			children = (
				D6CC3FD24696AA730AA7B4DA /* Pocketctl.app */,
			);
			name = Products;
			sourceTree = "<group>";
		};
		F951921287008831C5ECE6A1 /* Components */ = {
			isa = PBXGroup;
			children = (
				9026A8C3829346792A76FC15 /* ChatBubble.swift */,
				2551F823BB59ECDA290F5615 /* CodeBlockView.swift */,
				65C77E425E2ACCEC26A62734 /* EmptyStateView.swift */,
				DA61A703EB52322DF5EAFC29 /* MarkdownContentView.swift */,
				802A171E89C20ADD85902665 /* StatusChip.swift */,
				56EC9B30663A9B86C37B662C /* StatusDot.swift */,
				C1040499582D1E3CFB58142D /* SubAgentCard.swift */,
				77953F56A5B6945E96217A9C /* ToolCallCard.swift */,
			);
			path = Components;
			sourceTree = "<group>";
		};
/* End PBXGroup section */

/* Begin PBXNativeTarget section */
		373A6B2C13D61F51D165975C /* Pocketctl */ = {
			isa = PBXNativeTarget;
			buildConfigurationList = DBD737635BBCA6FB80195135 /* Build configuration list for PBXNativeTarget "Pocketctl" */;
			buildPhases = (
				8C1EA1C0DD29CBC406C4331C /* Sources */,
				42C7E7E17B38170BB4510F38 /* Resources */,
			);
			buildRules = (
			);
			dependencies = (
			);
			name = Pocketctl;
			packageProductDependencies = (
			);
			productName = Pocketctl;
			productReference = D6CC3FD24696AA730AA7B4DA /* Pocketctl.app */;
			productType = "com.apple.product-type.application";
		};
/* End PBXNativeTarget section */

/* Begin PBXProject section */
		50123461A8FD0FE92245D2E8 /* Project object */ = {
			isa = PBXProject;
			attributes = {
				BuildIndependentTargetsInParallel = YES;
				LastUpgradeCheck = 2600;
				TargetAttributes = {
					373A6B2C13D61F51D165975C = {
						ProvisioningStyle = Automatic;
					};
				};
			};
			buildConfigurationList = E580BCCAB2F1A51A6D6523DC /* Build configuration list for PBXProject "Pocketctl" */;
			developmentRegion = en;
			hasScannedForEncodings = 0;
			knownRegions = (
				Base,
				en,
			);
			mainGroup = 197803B25D2EFE0957DFC391;
			minimizedProjectReferenceProxies = 1;
			preferredProjectObjectVersion = 77;
			productRefGroup = F1760BD2D3F35A465CBA87E5 /* Products */;
			projectDirPath = "";
			projectRoot = "";
			targets = (
				373A6B2C13D61F51D165975C /* Pocketctl */,
			);
		};
/* End PBXProject section */

/* Begin PBXResourcesBuildPhase section */
		42C7E7E17B38170BB4510F38 /* Resources */ = {
			isa = PBXResourcesBuildPhase;
			buildActionMask = 2147483647;
			files = (
				A12C7CCAD929473AD33173F3 /* Assets.xcassets in Resources */,
			);
			runOnlyForDeploymentPostprocessing = 0;
		};
/* End PBXResourcesBuildPhase section */

/* Begin PBXSourcesBuildPhase section */
		8C1EA1C0DD29CBC406C4331C /* Sources */ = {
			isa = PBXSourcesBuildPhase;
			buildActionMask = 2147483647;
			files = (
				32F89D7420528C43ED15F1B5 /* APIClient.swift in Sources */,
				3C58E01174EFD114E9C404F1 /* AuthViewModel.swift in Sources */,
				F80398131777141DF95B5ECD /* ChatBubble.swift in Sources */,
				193C07020A003A322FE97348 /* ChatMessage.swift in Sources */,
				C69E959C898DEBEE84C449E5 /* CodeBlockView.swift in Sources */,
				3F98B8B9C90083D6BC0C1154 /* Colors.swift in Sources */,
				6A43B7C42C1137A36D3611B1 /* ContentView.swift in Sources */,
				B8118F0CE086840C30B77AFB /* Daemon.swift in Sources */,
				96E4153A0BD5C6A079556CBC /* DaemonListView.swift in Sources */,
				C281E432618061F5C063D3A3 /* DaemonListViewModel.swift in Sources */,
				6E2D66D16D5DDB9D808CA17E /* EmptyStateView.swift in Sources */,
				5330819F1E7E6CD9F67157B8 /* Extensions.swift in Sources */,
				991987469EB64DA5011FE4DB /* KeychainStorage.swift in Sources */,
				358D0FB9106E6D533FD7BEB0 /* LoginView.swift in Sources */,
				871FBC30CE04EAB4E10D124A /* MarkdownContentView.swift in Sources */,
				FC24814A4FE1B83D14BD4F0B /* NewSessionSheet.swift in Sources */,
				281EBF100DA0A1133A8319B7 /* PocketctlApp.swift in Sources */,
				690AB6AC11321B9CD54A7EC8 /* PushService.swift in Sources */,
				A0F41EB04B09F512792D4524 /* RelativeTime.swift in Sources */,
				9DFEFDFC5802D0D2B7CFFB49 /* RelayEnvironment.swift in Sources */,
				0A4D2E1C56479351D3E2D063 /* Session.swift in Sources */,
				80EDFF714557875C965887CA /* SessionDetailView.swift in Sources */,
				546E9835ACD1565E40AB7FF2 /* SessionDetailViewModel.swift in Sources */,
				A5A0763AF501CDAED5782201 /* SessionListView.swift in Sources */,
				5B532B579654E9E0B32EC251 /* SessionListViewModel.swift in Sources */,
				33E9C3CED161F2D0D161303B /* SettingsView.swift in Sources */,
				2BDCAD0DFC0BFB2B264A27CB /* SettingsViewModel.swift in Sources */,
				1AA1AADFCB91ABA55021CF38 /* Spacing.swift in Sources */,
				8B0969BB9CB351E7F58440C3 /* SplashView.swift in Sources */,
				6E4DAA67A2CCE66AFE5368BF /* StatusChip.swift in Sources */,
				BF66AEF2806384A99CDAA27D /* StatusDot.swift in Sources */,
				B35FCCCF703CCBEFA3BD2461 /* SubAgent.swift in Sources */,
				940FBE2510FECF069A897495 /* SubAgentCard.swift in Sources */,
				190502BB5F5FEE935142C1D5 /* SyntaxHighlighter.swift in Sources */,
				2A4EC5993499FB998E76EB64 /* ToolCallCard.swift in Sources */,
				8073E29EFE4EA0685BC27C7D /* Typography.swift in Sources */,
				A8D3B9FD32FC93B297619DF1 /* User.swift in Sources */,
				09BB3DCEEFAB4EB871820C62 /* WebSocketEvent.swift in Sources */,
				7CCBC9417382E86861C69C5D /* WebSocketService.swift in Sources */,
			);
			runOnlyForDeploymentPostprocessing = 0;
		};
/* End PBXSourcesBuildPhase section */

/* Begin XCBuildConfiguration section */
		ABD77C45592B29BCC1E4AF9B /* Release */ = {
			isa = XCBuildConfiguration;
			buildSettings = {
				ALWAYS_SEARCH_USER_PATHS = NO;
				CLANG_ANALYZER_NONNULL = YES;
				CLANG_ANALYZER_NUMBER_OBJECT_CONVERSION = YES_AGGRESSIVE;
				CLANG_CXX_LANGUAGE_STANDARD = "gnu++14";
				CLANG_CXX_LIBRARY = "libc++";
				CLANG_ENABLE_MODULES = YES;
				CLANG_ENABLE_OBJC_ARC = YES;
				CLANG_ENABLE_OBJC_WEAK = YES;
				CLANG_WARN_BLOCK_CAPTURE_AUTORELEASING = YES;
				CLANG_WARN_BOOL_CONVERSION = YES;
				CLANG_WARN_COMMA = YES;
				CLANG_WARN_CONSTANT_CONVERSION = YES;
				CLANG_WARN_DEPRECATED_OBJC_IMPLEMENTATIONS = YES;
				CLANG_WARN_DIRECT_OBJC_ISA_USAGE = YES_ERROR;
				CLANG_WARN_DOCUMENTATION_COMMENTS = YES;
				CLANG_WARN_EMPTY_BODY = YES;
				CLANG_WARN_ENUM_CONVERSION = YES;
				CLANG_WARN_INFINITE_RECURSION = YES;
				CLANG_WARN_INT_CONVERSION = YES;
				CLANG_WARN_NON_LITERAL_NULL_CONVERSION = YES;
				CLANG_WARN_OBJC_IMPLICIT_RETAIN_SELF = YES;
				CLANG_WARN_OBJC_LITERAL_CONVERSION = YES;
				CLANG_WARN_OBJC_ROOT_CLASS = YES_ERROR;
				CLANG_WARN_QUOTED_INCLUDE_IN_FRAMEWORK_HEADER = YES;
				CLANG_WARN_RANGE_LOOP_ANALYSIS = YES;
				CLANG_WARN_STRICT_PROTOTYPES = YES;
				CLANG_WARN_SUSPICIOUS_MOVE = YES;
				CLANG_WARN_UNGUARDED_AVAILABILITY = YES_AGGRESSIVE;
				CLANG_WARN_UNREACHABLE_CODE = YES;
				CLANG_WARN__DUPLICATE_METHOD_MATCH = YES;
				CODE_SIGN_STYLE = Automatic;
				COPY_PHASE_STRIP = NO;
				CURRENT_PROJECT_VERSION = 1;
				DEBUG_INFORMATION_FORMAT = "dwarf-with-dsym";
				DEVELOPMENT_TEAM = 48V2SNGX85;
				ENABLE_NS_ASSERTIONS = NO;
				ENABLE_STRICT_OBJC_MSGSEND = YES;
				GCC_C_LANGUAGE_STANDARD = gnu11;
				GCC_NO_COMMON_BLOCKS = YES;
				GCC_WARN_64_TO_32_BIT_CONVERSION = YES;
				GCC_WARN_ABOUT_RETURN_TYPE = YES_ERROR;
				GCC_WARN_UNDECLARED_SELECTOR = YES;
				GCC_WARN_UNINITIALIZED_AUTOS = YES_AGGRESSIVE;
				GCC_WARN_UNUSED_FUNCTION = YES;
				GCC_WARN_UNUSED_VARIABLE = YES;
				INFOPLIST_FILE = Pocketctl/Info.plist;
				IPHONEOS_DEPLOYMENT_TARGET = 17.0;
				MARKETING_VERSION = 1.0.0;
				MTL_ENABLE_DEBUG_INFO = NO;
				MTL_FAST_MATH = YES;
				PRODUCT_BUNDLE_IDENTIFIER = com.pocketctl.app;
				PRODUCT_NAME = "$(TARGET_NAME)";
				SDKROOT = iphoneos;
				SWIFT_COMPILATION_MODE = wholemodule;
				SWIFT_OPTIMIZATION_LEVEL = "-O";
				SWIFT_VERSION = 6.0;
				TARGETED_DEVICE_FAMILY = 1;
			};
			name = Release;
		};
		CCCE23AB411E446FF6BE97CF /* Debug */ = {
			isa = XCBuildConfiguration;
			buildSettings = {
				ALWAYS_SEARCH_USER_PATHS = NO;
				CLANG_ANALYZER_NONNULL = YES;
				CLANG_ANALYZER_NUMBER_OBJECT_CONVERSION = YES_AGGRESSIVE;
				CLANG_CXX_LANGUAGE_STANDARD = "gnu++14";
				CLANG_CXX_LIBRARY = "libc++";
				CLANG_ENABLE_MODULES = YES;
				CLANG_ENABLE_OBJC_ARC = YES;
				CLANG_ENABLE_OBJC_WEAK = YES;
				CLANG_WARN_BLOCK_CAPTURE_AUTORELEASING = YES;
				CLANG_WARN_BOOL_CONVERSION = YES;
				CLANG_WARN_COMMA = YES;
				CLANG_WARN_CONSTANT_CONVERSION = YES;
				CLANG_WARN_DEPRECATED_OBJC_IMPLEMENTATIONS = YES;
				CLANG_WARN_DIRECT_OBJC_ISA_USAGE = YES_ERROR;
				CLANG_WARN_DOCUMENTATION_COMMENTS = YES;
				CLANG_WARN_EMPTY_BODY = YES;
				CLANG_WARN_ENUM_CONVERSION = YES;
				CLANG_WARN_INFINITE_RECURSION = YES;
				CLANG_WARN_INT_CONVERSION = YES;
				CLANG_WARN_NON_LITERAL_NULL_CONVERSION = YES;
				CLANG_WARN_OBJC_IMPLICIT_RETAIN_SELF = YES;
				CLANG_WARN_OBJC_LITERAL_CONVERSION = YES;
				CLANG_WARN_OBJC_ROOT_CLASS = YES_ERROR;
				CLANG_WARN_QUOTED_INCLUDE_IN_FRAMEWORK_HEADER = YES;
				CLANG_WARN_RANGE_LOOP_ANALYSIS = YES;
				CLANG_WARN_STRICT_PROTOTYPES = YES;
				CLANG_WARN_SUSPICIOUS_MOVE = YES;
				CLANG_WARN_UNGUARDED_AVAILABILITY = YES_AGGRESSIVE;
				CLANG_WARN_UNREACHABLE_CODE = YES;
				CLANG_WARN__DUPLICATE_METHOD_MATCH = YES;
				CODE_SIGN_STYLE = Automatic;
				COPY_PHASE_STRIP = NO;
				CURRENT_PROJECT_VERSION = 1;
				DEBUG_INFORMATION_FORMAT = dwarf;
				DEVELOPMENT_TEAM = 48V2SNGX85;
				ENABLE_STRICT_OBJC_MSGSEND = YES;
				ENABLE_TESTABILITY = YES;
				GCC_C_LANGUAGE_STANDARD = gnu11;
				GCC_DYNAMIC_NO_PIC = NO;
				GCC_NO_COMMON_BLOCKS = YES;
				GCC_OPTIMIZATION_LEVEL = 0;
				GCC_PREPROCESSOR_DEFINITIONS = (
					"$(inherited)",
					"DEBUG=1",
				);
				GCC_WARN_64_TO_32_BIT_CONVERSION = YES;
				GCC_WARN_ABOUT_RETURN_TYPE = YES_ERROR;
				GCC_WARN_UNDECLARED_SELECTOR = YES;
				GCC_WARN_UNINITIALIZED_AUTOS = YES_AGGRESSIVE;
				GCC_WARN_UNUSED_FUNCTION = YES;
				GCC_WARN_UNUSED_VARIABLE = YES;
				INFOPLIST_FILE = Pocketctl/Info.plist;
				IPHONEOS_DEPLOYMENT_TARGET = 17.0;
				MARKETING_VERSION = 1.0.0;
				MTL_ENABLE_DEBUG_INFO = INCLUDE_SOURCE;
				MTL_FAST_MATH = YES;
				ONLY_ACTIVE_ARCH = YES;
				PRODUCT_BUNDLE_IDENTIFIER = com.pocketctl.app;
				PRODUCT_NAME = "$(TARGET_NAME)";
				SDKROOT = iphoneos;
				SWIFT_ACTIVE_COMPILATION_CONDITIONS = DEBUG;
				SWIFT_OPTIMIZATION_LEVEL = "-Onone";
				SWIFT_VERSION = 6.0;
				TARGETED_DEVICE_FAMILY = 1;
			};
			name = Debug;
		};
		D717FFB20D6434D1D79CE0B7 /* Release */ = {
			isa = XCBuildConfiguration;
			buildSettings = {
				ASSETCATALOG_COMPILER_APPICON_NAME = AppIcon;
				CODE_SIGN_IDENTITY = "iPhone Developer";
				DEVELOPMENT_TEAM = 4M8BRH2MYC;
				INFOPLIST_FILE = Pocketctl/Info.plist;
				LD_RUNPATH_SEARCH_PATHS = (
					"$(inherited)",
					"@executable_path/Frameworks",
				);
				PRODUCT_BUNDLE_IDENTIFIER = com.pocketctl.app;
				SDKROOT = iphoneos;
				TARGETED_DEVICE_FAMILY = "1,2";
			};
			name = Release;
		};
		FFCD323736B18FBE3F1E7D90 /* Debug */ = {
			isa = XCBuildConfiguration;
			buildSettings = {
				ASSETCATALOG_COMPILER_APPICON_NAME = AppIcon;
				CODE_SIGN_IDENTITY = "iPhone Developer";
				DEVELOPMENT_TEAM = 4M8BRH2MYC;
				ENABLE_DEBUG_DYLIB = NO;
				INFOPLIST_FILE = Pocketctl/Info.plist;
				LD_RUNPATH_SEARCH_PATHS = (
					"$(inherited)",
					"@executable_path/Frameworks",
				);
				PRODUCT_BUNDLE_IDENTIFIER = com.pocketctl.app;
				SDKROOT = iphoneos;
				TARGETED_DEVICE_FAMILY = "1,2";
			};
			name = Debug;
		};
/* End XCBuildConfiguration section */

/* Begin XCConfigurationList section */
		DBD737635BBCA6FB80195135 /* Build configuration list for PBXNativeTarget "Pocketctl" */ = {
			isa = XCConfigurationList;
			buildConfigurations = (
				FFCD323736B18FBE3F1E7D90 /* Debug */,
				D717FFB20D6434D1D79CE0B7 /* Release */,
			);
			defaultConfigurationIsVisible = 0;
			defaultConfigurationName = Debug;
		};
		E580BCCAB2F1A51A6D6523DC /* Build configuration list for PBXProject "Pocketctl" */ = {
			isa = XCConfigurationList;
			buildConfigurations = (
				CCCE23AB411E446FF6BE97CF /* Debug */,
				ABD77C45592B29BCC1E4AF9B /* Release */,
			);
			defaultConfigurationIsVisible = 0;
			defaultConfigurationName = Debug;
		};
/* End XCConfigurationList section */
	};
	rootObject = 50123461A8FD0FE92245D2E8 /* Project object */;
}
